
Microsoft Visual Studio Solution File, Format Version 12.00
# Visual Studio 2013
VisualStudioVersion = 12.0.31101.0
MinimumVisualStudioVersion = 10.0.40219.1
Project("{FAE04EC0-301F-11D3-BF4B-00C04F79EFBC}") = "SimpleCacheManager", "SimpleCacheManager\SimpleCacheManager.csproj", "{B9F6180C-0A79-406A-BC8E-36F81F8A9DB9}"
EndProject
Project("{FAE04EC0-301F-11D3-BF4B-00C04F79EFBC}") = "SimpleCacheManager.UnitTests", "SimpleCacheManager.UnitTests\SimpleCacheManager.UnitTests.csproj", "{12CB93A1-93DE-4598-A640-714A7477CBE4}"
EndProject
Global
	GlobalSection(SolutionConfigurationPlatforms) = preSolution
		Debug|Any CPU = Debug|Any CPU
		Release|Any CPU = Release|Any CPU
	EndGlobalSection
	GlobalSection(ProjectConfigurationPlatforms) = postSolution
		{B9F6180C-0A79-406A-BC8E-36F81F8A9DB9}.Debug|Any CPU.ActiveCfg = Debug|Any CPU
		{B9F6180C-0A79-406A-BC8E-36F81F8A9DB9}.Debug|Any CPU.Build.0 = Debug|Any CPU
		{B9F6180C-0A79-406A-BC8E-36F81F8A9DB9}.Release|Any CPU.ActiveCfg = Release|Any CPU
		{B9F6180C-0A79-406A-BC8E-36F81F8A9DB9}.Release|Any CPU.Build.0 = Release|Any CPU
		{12CB93A1-93DE-4598-A640-714A7477CBE4}.Debug|Any CPU.ActiveCfg = Debug|Any CPU
		{12CB93A1-93DE-4598-A640-714A7477CBE4}.Debug|Any CPU.Build.0 = Debug|Any CPU
		{12CB93A1-93DE-4598-A640-714A7477CBE4}.Release|Any CPU.ActiveCfg = Release|Any CPU
		{12CB93A1-93DE-4598-A640-714A7477CBE4}.Release|Any CPU.Build.0 = Release|Any CPU
	EndGlobalSection
	GlobalSection(SolutionProperties) = preSolution
		HideSolutionNode = FALSE
	EndGlobalSection
EndGlobal
